
Microsoft Visual Studio Solution File, Format Version 12.00
# Visual Studio 14
VisualStudioVersion = 14.0.25420.1
MinimumVisualStudioVersion = 10.0.40219.1
Project("{FAE04EC0-301F-11D3-BF4B-00C04F79EFBC}") = "DormitoryManager", "DormitoryManager\DormitoryManager.csproj", "{B428AD11-C397-4D17-87C7-E950B4858CDC}"
EndProject
Project("{FAE04EC0-301F-11D3-BF4B-00C04F79EFBC}") = "DormintoryStudentApp", "DormintoryStudentApp\DormintoryStudentApp.csproj", "{D9A9032D-9452-413C-A1A5-E823D768833D}"
EndProject
Global
	GlobalSection(SolutionConfigurationPlatforms) = preSolution
		Debug|Any CPU = Debug|Any CPU
		Release|Any CPU = Release|Any CPU
	EndGlobalSection
	GlobalSection(ProjectConfigurationPlatforms) = postSolution
		{B428AD11-C397-4D17-87C7-E950B4858CDC}.Debug|Any CPU.ActiveCfg = Debug|Any CPU
		{B428AD11-C397-4D17-87C7-E950B4858CDC}.Debug|Any CPU.Build.0 = Debug|Any CPU
		{B428AD11-C397-4D17-87C7-E950B4858CDC}.Release|Any CPU.ActiveCfg = Release|Any CPU
		{B428AD11-C397-4D17-87C7-E950B4858CDC}.Release|Any CPU.Build.0 = Release|Any CPU
		{D9A9032D-9452-413C-A1A5-E823D768833D}.Debug|Any CPU.ActiveCfg = Debug|Any CPU
		{D9A9032D-9452-413C-A1A5-E823D768833D}.Debug|Any CPU.Build.0 = Debug|Any CPU
		{D9A9032D-9452-413C-A1A5-E823D768833D}.Release|Any CPU.ActiveCfg = Release|Any CPU
		{D9A9032D-9452-413C-A1A5-E823D768833D}.Release|Any CPU.Build.0 = Release|Any CPU
	EndGlobalSection
	GlobalSection(SolutionProperties) = preSolution
		HideSolutionNode = FALSE
	EndGlobalSection
	GlobalSection(ExtensibilityGlobals) = postSolution
		SolutionGuid = {D84EA049-1154-4928-A61C-C2F4E1E72CDB}
	EndGlobalSection
EndGlobal
